
Microsoft Visual Studio Solution File, Format Version 12.00
# Visual Studio Version 16
VisualStudioVersion = 16.0.29020.237
MinimumVisualStudioVersion = 10.0.40219.1
Project("{FAE04EC0-301F-11D3-BF4B-00C04F79EFBC}") = "TreeHouseWS", "TreeHouseWS\TreeHouseWS.csproj", "{EB91DD3D-992E-487C-ADBA-A11EEDF65E60}"
EndProject
Global
	GlobalSection(SolutionConfigurationPlatforms) = preSolution
		Debug|Any CPU = Debug|Any CPU
		Release|Any CPU = Release|Any CPU
	EndGlobalSection
	GlobalSection(ProjectConfigurationPlatforms) = postSolution
		{EB91DD3D-992E-487C-ADBA-A11EEDF65E60}.Debug|Any CPU.ActiveCfg = Debug|Any CPU
		{EB91DD3D-992E-487C-ADBA-A11EEDF65E60}.Debug|Any CPU.Build.0 = Debug|Any CPU
		{EB91DD3D-992E-487C-ADBA-A11EEDF65E60}.Release|Any CPU.ActiveCfg = Release|Any CPU
		{EB91DD3D-992E-487C-ADBA-A11EEDF65E60}.Release|Any CPU.Build.0 = Release|Any CPU
	EndGlobalSection
	GlobalSection(SolutionProperties) = preSolution
		HideSolutionNode = FALSE
	EndGlobalSection
	GlobalSection(ExtensibilityGlobals) = postSolution
		SolutionGuid = {03407BB4-C465-45B4-B48D-65C6A68BC889}
	EndGlobalSection
EndGlobal
